
Microsoft Visual Studio Solution File, Format Version 12.00
# Visual Studio Version 17
VisualStudioVersion = 17.8.34330.188
MinimumVisualStudioVersion = 10.0.40219.1
Project("{888888A0-9F3D-457C-B088-3A5042F75D52}") = "CIS261_Course Project 28APR24", "CIS261_Course Project 28APR24.pyproj", "{CC501584-C36C-46A6-AF91-28237AC544EA}"
EndProject
Global
	GlobalSection(SolutionConfigurationPlatforms) = preSolution
		Debug|Any CPU = Debug|Any CPU
		Release|Any CPU = Release|Any CPU
	EndGlobalSection
	GlobalSection(ProjectConfigurationPlatforms) = postSolution
		{CC501584-C36C-46A6-AF91-28237AC544EA}.Debug|Any CPU.ActiveCfg = Debug|Any CPU
		{CC501584-C36C-46A6-AF91-28237AC544EA}.Release|Any CPU.ActiveCfg = Release|Any CPU
	EndGlobalSection
	GlobalSection(SolutionProperties) = preSolution
		HideSolutionNode = FALSE
	EndGlobalSection
	GlobalSection(ExtensibilityGlobals) = postSolution
		SolutionGuid = {0DE3CC55-F720-4071-91CC-D35546570F5D}
	EndGlobalSection
EndGlobal
